// !$*UTF8*$!
{
	archiveVersion = 1;
	classes = {
	};
	objectVersion = 46;
	objects = {

/* Begin PBXBuildFile section */
		9B3C85971F3A5D580076AD2D /* JsonManager.swift in Sources */ = {isa = PBXBuildFile; fileRef = 9B3C85961F3A5D580076AD2D /* JsonManager.swift */; };
		9B4245071F212349003E862F /* AppDelegate.swift in Sources */ = {isa = PBXBuildFile; fileRef = 9B4245061F212349003E862F /* AppDelegate.swift */; };
		9B4245091F212349003E862F /* ViewController.swift in Sources */ = {isa = PBXBuildFile; fileRef = 9B4245081F212349003E862F /* ViewController.swift */; };
		9B42450C1F212349003E862F /* Main.storyboard in Resources */ = {isa = PBXBuildFile; fileRef = 9B42450A1F212349003E862F /* Main.storyboard */; };
		9B42450E1F212349003E862F /* Assets.xcassets in Resources */ = {isa = PBXBuildFile; fileRef = 9B42450D1F212349003E862F /* Assets.xcassets */; };
		9B4245111F212349003E862F /* LaunchScreen.storyboard in Resources */ = {isa = PBXBuildFile; fileRef = 9B42450F1F212349003E862F /* LaunchScreen.storyboard */; };
		9B42451C1F2125F3003E862F /* arrierePlan.png in Resources */ = {isa = PBXBuildFile; fileRef = 9B4245181F2125F3003E862F /* arrierePlan.png */; };
		9B42451D1F2125F3003E862F /* bouton.png in Resources */ = {isa = PBXBuildFile; fileRef = 9B4245191F2125F3003E862F /* bouton.png */; };
		9B42451E1F2125F3003E862F /* boutonPlusClair.png in Resources */ = {isa = PBXBuildFile; fileRef = 9B42451A1F2125F3003E862F /* boutonPlusClair.png */; };
		9B42451F1F2125F3003E862F /* Icone.png in Resources */ = {isa = PBXBuildFile; fileRef = 9B42451B1F2125F3003E862F /* Icone.png */; };
		9B4245211F2128D1003E862F /* bouton grand.png in Resources */ = {isa = PBXBuildFile; fileRef = 9B4245201F2128D1003E862F /* bouton grand.png */; };
		9B4245231F212AF0003E862F /* bouton grandClair.png in Resources */ = {isa = PBXBuildFile; fileRef = 9B4245221F212AF0003E862F /* bouton grandClair.png */; };
		9B4245251F212CA0003E862F /* arrierePlanClair.png in Resources */ = {isa = PBXBuildFile; fileRef = 9B4245241F212CA0003E862F /* arrierePlanClair.png */; };
		9B4245271F212D71003E862F /* arrierePlanMedium.png in Resources */ = {isa = PBXBuildFile; fileRef = 9B4245261F212D71003E862F /* arrierePlanMedium.png */; };
		9B42452A1F213642003E862F /* ViewListeNotes.swift in Sources */ = {isa = PBXBuildFile; fileRef = 9B4245291F213642003E862F /* ViewListeNotes.swift */; };
		9BFD257F1F30E974003815CA /* Add.swift in Sources */ = {isa = PBXBuildFile; fileRef = 9BFD257E1F30E974003815CA /* Add.swift */; };
/* End PBXBuildFile section */

/* Begin PBXFileReference section */
		9B3C85961F3A5D580076AD2D /* JsonManager.swift */ = {isa = PBXFileReference; fileEncoding = 4; lastKnownFileType = sourcecode.swift; path = JsonManager.swift; sourceTree = "<group>"; };
		9B4245031F212349003E862F /* POO_Notes.app */ = {isa = PBXFileReference; explicitFileType = wrapper.application; includeInIndex = 0; path = POO_Notes.app; sourceTree = BUILT_PRODUCTS_DIR; };
		9B4245061F212349003E862F /* AppDelegate.swift */ = {isa = PBXFileReference; lastKnownFileType = sourcecode.swift; path = AppDelegate.swift; sourceTree = "<group>"; };
		9B4245081F212349003E862F /* ViewController.swift */ = {isa = PBXFileReference; lastKnownFileType = sourcecode.swift; path = ViewController.swift; sourceTree = "<group>"; };
		9B42450B1F212349003E862F /* Base */ = {isa = PBXFileReference; lastKnownFileType = file.storyboard; name = Base; path = Base.lproj/Main.storyboard; sourceTree = "<group>"; };
		9B42450D1F212349003E862F /* Assets.xcassets */ = {isa = PBXFileReference; lastKnownFileType = folder.assetcatalog; path = Assets.xcassets; sourceTree = "<group>"; };
		9B4245101F212349003E862F /* Base */ = {isa = PBXFileReference; lastKnownFileType = file.storyboard; name = Base; path = Base.lproj/LaunchScreen.storyboard; sourceTree = "<group>"; };
		9B4245121F212349003E862F /* Info.plist */ = {isa = PBXFileReference; lastKnownFileType = text.plist.xml; path = Info.plist; sourceTree = "<group>"; };
		9B4245181F2125F3003E862F /* arrierePlan.png */ = {isa = PBXFileReference; lastKnownFileType = image.png; path = arrierePlan.png; sourceTree = "<group>"; };
		9B4245191F2125F3003E862F /* bouton.png */ = {isa = PBXFileReference; lastKnownFileType = image.png; path = bouton.png; sourceTree = "<group>"; };
		9B42451A1F2125F3003E862F /* boutonPlusClair.png */ = {isa = PBXFileReference; lastKnownFileType = image.png; path = boutonPlusClair.png; sourceTree = "<group>"; };
		9B42451B1F2125F3003E862F /* Icone.png */ = {isa = PBXFileReference; lastKnownFileType = image.png; path = Icone.png; sourceTree = "<group>"; };
		9B4245201F2128D1003E862F /* bouton grand.png */ = {isa = PBXFileReference; lastKnownFileType = image.png; path = "bouton grand.png"; sourceTree = "<group>"; };
		9B4245221F212AF0003E862F /* bouton grandClair.png */ = {isa = PBXFileReference; lastKnownFileType = image.png; path = "bouton grandClair.png"; sourceTree = "<group>"; };
		9B4245241F212CA0003E862F /* arrierePlanClair.png */ = {isa = PBXFileReference; lastKnownFileType = image.png; path = arrierePlanClair.png; sourceTree = "<group>"; };
		9B4245261F212D71003E862F /* arrierePlanMedium.png */ = {isa = PBXFileReference; lastKnownFileType = image.png; path = arrierePlanMedium.png; sourceTree = "<group>"; };
		9B4245291F213642003E862F /* ViewListeNotes.swift */ = {isa = PBXFileReference; fileEncoding = 4; lastKnownFileType = sourcecode.swift; path = ViewListeNotes.swift; sourceTree = "<group>"; };
		9BFD257E1F30E974003815CA /* Add.swift */ = {isa = PBXFileReference; fileEncoding = 4; lastKnownFileType = sourcecode.swift; path = Add.swift; sourceTree = "<group>"; };
/* End PBXFileReference section */

/* Begin PBXFrameworksBuildPhase section */
		9B4245001F212349003E862F /* Frameworks */ = {
			isa = PBXFrameworksBuildPhase;
			buildActionMask = 2147483647;
			files = (
			);
			runOnlyForDeploymentPostprocessing = 0;
		};
/* End PBXFrameworksBuildPhase section */

/* Begin PBXGroup section */
		9B4244FA1F212349003E862F = {
			isa = PBXGroup;
			children = (
				9B4245051F212349003E862F /* POO_Notes */,
				9B4245041F212349003E862F /* Products */,
			);
			sourceTree = "<group>";
		};
		9B4245041F212349003E862F /* Products */ = {
			isa = PBXGroup;
			children = (
				9B4245031F212349003E862F /* POO_Notes.app */,
			);
			name = Products;
			sourceTree = "<group>";
		};
		9B4245051F212349003E862F /* POO_Notes */ = {
			isa = PBXGroup;
			children = (
				9B4245281F2133B3003E862F /* image */,
				9B4245061F212349003E862F /* AppDelegate.swift */,
				9BFD257E1F30E974003815CA /* Add.swift */,
				9B4245081F212349003E862F /* ViewController.swift */,
				9B3C85961F3A5D580076AD2D /* JsonManager.swift */,
				9B4245291F213642003E862F /* ViewListeNotes.swift */,
				9B42450A1F212349003E862F /* Main.storyboard */,
				9B42450D1F212349003E862F /* Assets.xcassets */,
				9B42450F1F212349003E862F /* LaunchScreen.storyboard */,
				9B4245121F212349003E862F /* Info.plist */,
			);
			path = POO_Notes;
			sourceTree = "<group>";
		};
		9B4245281F2133B3003E862F /* image */ = {
			isa = PBXGroup;
			children = (
				9B4245261F212D71003E862F /* arrierePlanMedium.png */,
				9B4245221F212AF0003E862F /* bouton grandClair.png */,
				9B4245241F212CA0003E862F /* arrierePlanClair.png */,
				9B4245201F2128D1003E862F /* bouton grand.png */,
				9B4245181F2125F3003E862F /* arrierePlan.png */,
				9B4245191F2125F3003E862F /* bouton.png */,
				9B42451A1F2125F3003E862F /* boutonPlusClair.png */,
				9B42451B1F2125F3003E862F /* Icone.png */,
			);
			name = image;
			sourceTree = "<group>";
		};
/* End PBXGroup section */

/* Begin PBXNativeTarget section */
		9B4245021F212349003E862F /* POO_Notes */ = {
			isa = PBXNativeTarget;
			buildConfigurationList = 9B4245151F212349003E862F /* Build configuration list for PBXNativeTarget "POO_Notes" */;
			buildPhases = (
				9B4244FF1F212349003E862F /* Sources */,
				9B4245001F212349003E862F /* Frameworks */,
				9B4245011F212349003E862F /* Resources */,
			);
			buildRules = (
			);
			dependencies = (
			);
			name = POO_Notes;
			productName = POO_Notes;
			productReference = 9B4245031F212349003E862F /* POO_Notes.app */;
			productType = "com.apple.product-type.application";
		};
/* End PBXNativeTarget section */

/* Begin PBXProject section */
		9B4244FB1F212349003E862F /* Project object */ = {
			isa = PBXProject;
			attributes = {
				LastSwiftUpdateCheck = 0820;
				LastUpgradeCheck = 0820;
				ORGANIZATIONNAME = GrassetSucre;
				TargetAttributes = {
					9B4245021F212349003E862F = {
						CreatedOnToolsVersion = 8.2;
						ProvisioningStyle = Automatic;
					};
				};
			};
			buildConfigurationList = 9B4244FE1F212349003E862F /* Build configuration list for PBXProject "POO_Notes" */;
			compatibilityVersion = "Xcode 3.2";
			developmentRegion = English;
			hasScannedForEncodings = 0;
			knownRegions = (
				en,
				Base,
			);
			mainGroup = 9B4244FA1F212349003E862F;
			productRefGroup = 9B4245041F212349003E862F /* Products */;
			projectDirPath = "";
			projectRoot = "";
			targets = (
				9B4245021F212349003E862F /* POO_Notes */,
			);
		};
/* End PBXProject section */

/* Begin PBXResourcesBuildPhase section */
		9B4245011F212349003E862F /* Resources */ = {
			isa = PBXResourcesBuildPhase;
			buildActionMask = 2147483647;
			files = (
				9B4245111F212349003E862F /* LaunchScreen.storyboard in Resources */,
				9B4245251F212CA0003E862F /* arrierePlanClair.png in Resources */,
				9B42450E1F212349003E862F /* Assets.xcassets in Resources */,
				9B42451F1F2125F3003E862F /* Icone.png in Resources */,
				9B42451E1F2125F3003E862F /* boutonPlusClair.png in Resources */,
				9B42450C1F212349003E862F /* Main.storyboard in Resources */,
				9B4245231F212AF0003E862F /* bouton grandClair.png in Resources */,
				9B42451C1F2125F3003E862F /* arrierePlan.png in Resources */,
				9B4245211F2128D1003E862F /* bouton grand.png in Resources */,
				9B4245271F212D71003E862F /* arrierePlanMedium.png in Resources */,
				9B42451D1F2125F3003E862F /* bouton.png in Resources */,
			);
			runOnlyForDeploymentPostprocessing = 0;
		};
/* End PBXResourcesBuildPhase section */

/* Begin PBXSourcesBuildPhase section */
		9B4244FF1F212349003E862F /* Sources */ = {
			isa = PBXSourcesBuildPhase;
			buildActionMask = 2147483647;
			files = (
				9B42452A1F213642003E862F /* ViewListeNotes.swift in Sources */,
				9BFD257F1F30E974003815CA /* Add.swift in Sources */,
				9B3C85971F3A5D580076AD2D /* JsonManager.swift in Sources */,
				9B4245091F212349003E862F /* ViewController.swift in Sources */,
				9B4245071F212349003E862F /* AppDelegate.swift in Sources */,
			);
			runOnlyForDeploymentPostprocessing = 0;
		};
/* End PBXSourcesBuildPhase section */

/* Begin PBXVariantGroup section */
		9B42450A1F212349003E862F /* Main.storyboard */ = {
			isa = PBXVariantGroup;
			children = (
				9B42450B1F212349003E862F /* Base */,
			);
			name = Main.storyboard;
			sourceTree = "<group>";
		};
		9B42450F1F212349003E862F /* LaunchScreen.storyboard */ = {
			isa = PBXVariantGroup;
			children = (
				9B4245101F212349003E862F /* Base */,
			);
			name = LaunchScreen.storyboard;
			sourceTree = "<group>";
		};
/* End PBXVariantGroup section */

/* Begin XCBuildConfiguration section */
		9B4245131F212349003E862F /* Debug */ = {
			isa = XCBuildConfiguration;
			buildSettings = {
				ALWAYS_SEARCH_USER_PATHS = NO;
				CLANG_ANALYZER_NONNULL = YES;
				CLANG_CXX_LANGUAGE_STANDARD = "gnu++0x";
				CLANG_CXX_LIBRARY = "libc++";
				CLANG_ENABLE_MODULES = YES;
				CLANG_ENABLE_OBJC_ARC = YES;
				CLANG_WARN_BOOL_CONVERSION = YES;
				CLANG_WARN_CONSTANT_CONVERSION = YES;
				CLANG_WARN_DIRECT_OBJC_ISA_USAGE = YES_ERROR;
				CLANG_WARN_DOCUMENTATION_COMMENTS = YES;
				CLANG_WARN_EMPTY_BODY = YES;
				CLANG_WARN_ENUM_CONVERSION = YES;
				CLANG_WARN_INFINITE_RECURSION = YES;
				CLANG_WARN_INT_CONVERSION = YES;
				CLANG_WARN_OBJC_ROOT_CLASS = YES_ERROR;
				CLANG_WARN_SUSPICIOUS_MOVE = YES;
				CLANG_WARN_UNREACHABLE_CODE = YES;
				CLANG_WARN__DUPLICATE_METHOD_MATCH = YES;
				"CODE_SIGN_IDENTITY[sdk=iphoneos*]" = "iPhone Developer";
				COPY_PHASE_STRIP = NO;
				DEBUG_INFORMATION_FORMAT = dwarf;
				ENABLE_STRICT_OBJC_MSGSEND = YES;
				ENABLE_TESTABILITY = YES;
				GCC_C_LANGUAGE_STANDARD = gnu99;
				GCC_DYNAMIC_NO_PIC = NO;
				GCC_NO_COMMON_BLOCKS = YES;
				GCC_OPTIMIZATION_LEVEL = 0;
				GCC_PREPROCESSOR_DEFINITIONS = (
					"DEBUG=1",
					"$(inherited)",
				);
				GCC_WARN_64_TO_32_BIT_CONVERSION = YES;
				GCC_WARN_ABOUT_RETURN_TYPE = YES_ERROR;
				GCC_WARN_UNDECLARED_SELECTOR = YES;
				GCC_WARN_UNINITIALIZED_AUTOS = YES_AGGRESSIVE;
				GCC_WARN_UNUSED_FUNCTION = YES;
				GCC_WARN_UNUSED_VARIABLE = YES;
				IPHONEOS_DEPLOYMENT_TARGET = 10.2;
				MTL_ENABLE_DEBUG_INFO = YES;
				ONLY_ACTIVE_ARCH = YES;
				SDKROOT = iphoneos;
				SWIFT_ACTIVE_COMPILATION_CONDITIONS = DEBUG;
				SWIFT_OPTIMIZATION_LEVEL = "-Onone";
				TARGETED_DEVICE_FAMILY = "1,2";
			};
			name = Debug;
		};
		9B4245141F212349003E862F /* Release */ = {
			isa = XCBuildConfiguration;
			buildSettings = {
				ALWAYS_SEARCH_USER_PATHS = NO;
				CLANG_ANALYZER_NONNULL = YES;
				CLANG_CXX_LANGUAGE_STANDARD = "gnu++0x";
				CLANG_CXX_LIBRARY = "libc++";
				CLANG_ENABLE_MODULES = YES;
				CLANG_ENABLE_OBJC_ARC = YES;
				CLANG_WARN_BOOL_CONVERSION = YES;
				CLANG_WARN_CONSTANT_CONVERSION = YES;
				CLANG_WARN_DIRECT_OBJC_ISA_USAGE = YES_ERROR;
				CLANG_WARN_DOCUMENTATION_COMMENTS = YES;
				CLANG_WARN_EMPTY_BODY = YES;
				CLANG_WARN_ENUM_CONVERSION = YES;
				CLANG_WARN_INFINITE_RECURSION = YES;
				CLANG_WARN_INT_CONVERSION = YES;
				CLANG_WARN_OBJC_ROOT_CLASS = YES_ERROR;
				CLANG_WARN_SUSPICIOUS_MOVE = YES;
				CLANG_WARN_UNREACHABLE_CODE = YES;
				CLANG_WARN__DUPLICATE_METHOD_MATCH = YES;
				"CODE_SIGN_IDENTITY[sdk=iphoneos*]" = "iPhone Developer";
				COPY_PHASE_STRIP = NO;
				DEBUG_INFORMATION_FORMAT = "dwarf-with-dsym";
				ENABLE_NS_ASSERTIONS = NO;
				ENABLE_STRICT_OBJC_MSGSEND = YES;
				GCC_C_LANGUAGE_STANDARD = gnu99;
				GCC_NO_COMMON_BLOCKS = YES;
				GCC_WARN_64_TO_32_BIT_CONVERSION = YES;
				GCC_WARN_ABOUT_RETURN_TYPE = YES_ERROR;
				GCC_WARN_UNDECLARED_SELECTOR = YES;
				GCC_WARN_UNINITIALIZED_AUTOS = YES_AGGRESSIVE;
				GCC_WARN_UNUSED_FUNCTION = YES;
				GCC_WARN_UNUSED_VARIABLE = YES;
				IPHONEOS_DEPLOYMENT_TARGET = 10.2;
				MTL_ENABLE_DEBUG_INFO = NO;
				SDKROOT = iphoneos;
				SWIFT_OPTIMIZATION_LEVEL = "-Owholemodule";
				TARGETED_DEVICE_FAMILY = "1,2";
				VALIDATE_PRODUCT = YES;
			};
			name = Release;
		};
		9B4245161F212349003E862F /* Debug */ = {
			isa = XCBuildConfiguration;
			buildSettings = {
				ASSETCATALOG_COMPILER_APPICON_NAME = AppIcon;
				INFOPLIST_FILE = POO_Notes/Info.plist;
				LD_RUNPATH_SEARCH_PATHS = "$(inherited) @executable_path/Frameworks";
				PRODUCT_BUNDLE_IDENTIFIER = "com.adrianareis.POO-Notes";
				PRODUCT_NAME = "$(TARGET_NAME)";
				SWIFT_VERSION = 3.0;
			};
			name = Debug;
		};
		9B4245171F212349003E862F /* Release */ = {
			isa = XCBuildConfiguration;
			buildSettings = {
				ASSETCATALOG_COMPILER_APPICON_NAME = AppIcon;
				INFOPLIST_FILE = POO_Notes/Info.plist;
				LD_RUNPATH_SEARCH_PATHS = "$(inherited) @executable_path/Frameworks";
				PRODUCT_BUNDLE_IDENTIFIER = "com.adrianareis.POO-Notes";
				PRODUCT_NAME = "$(TARGET_NAME)";
				SWIFT_VERSION = 3.0;
			};
			name = Release;
		};
/* End XCBuildConfiguration section */

/* Begin XCConfigurationList section */
		9B4244FE1F212349003E862F /* Build configuration list for PBXProject "POO_Notes" */ = {
			isa = XCConfigurationList;
			buildConfigurations = (
				9B4245131F212349003E862F /* Debug */,
				9B4245141F212349003E862F /* Release */,
			);
			defaultConfigurationIsVisible = 0;
			defaultConfigurationName = Release;
		};
		9B4245151F212349003E862F /* Build configuration list for PBXNativeTarget "POO_Notes" */ = {
			isa = XCConfigurationList;
			buildConfigurations = (
				9B4245161F212349003E862F /* Debug */,
				9B4245171F212349003E862F /* Release */,
			);
			defaultConfigurationIsVisible = 0;
			defaultConfigurationName = Release;
		};
/* End XCConfigurationList section */
	};
	rootObject = 9B4244FB1F212349003E862F /* Project object */;
}
